
Microsoft Visual Studio Solution File, Format Version 12.00
# Visual Studio Version 17
VisualStudioVersion = 17.4.33103.184
MinimumVisualStudioVersion = 10.0.40219.1
Project("{FAE04EC0-301F-11D3-BF4B-00C04F79EFBC}") = "StokTakip", "StokTakip\StokTakip.csproj", "{3003DEF1-3DA5-4B59-97D4-8D8A086D8C41}"
EndProject
Global
	GlobalSection(SolutionConfigurationPlatforms) = preSolution
		Debug|Any CPU = Debug|Any CPU
		Release|Any CPU = Release|Any CPU
	EndGlobalSection
	GlobalSection(ProjectConfigurationPlatforms) = postSolution
		{3003DEF1-3DA5-4B59-97D4-8D8A086D8C41}.Debug|Any CPU.ActiveCfg = Debug|Any CPU
		{3003DEF1-3DA5-4B59-97D4-8D8A086D8C41}.Debug|Any CPU.Build.0 = Debug|Any CPU
		{3003DEF1-3DA5-4B59-97D4-8D8A086D8C41}.Release|Any CPU.ActiveCfg = Release|Any CPU
		{3003DEF1-3DA5-4B59-97D4-8D8A086D8C41}.Release|Any CPU.Build.0 = Release|Any CPU
	EndGlobalSection
	GlobalSection(SolutionProperties) = preSolution
		HideSolutionNode = FALSE
	EndGlobalSection
	GlobalSection(ExtensibilityGlobals) = postSolution
		SolutionGuid = {D63D771F-0100-4C4C-A505-28AF93311762}
	EndGlobalSection
EndGlobal
